
Microsoft Visual Studio Solution File, Format Version 12.00
# Visual Studio Version 16
VisualStudioVersion = 16.0.30523.141
MinimumVisualStudioVersion = 10.0.40219.1
Project("{9A19103F-16F7-4668-BE54-9A1E7A4F7556}") = "GodelTech.StoryLine.Rest.Example", "src\GodelTech.StoryLine.Rest.Example\GodelTech.StoryLine.Rest.Example.csproj", "{09FF9BFE-449E-4F82-957C-B1A5F7C98917}"
EndProject
Project("{9A19103F-16F7-4668-BE54-9A1E7A4F7556}") = "GodelTech.StoryLine.Rest.Example.Tests", "test\GodelTech.StoryLine.Rest.Example.Tests\GodelTech.StoryLine.Rest.Example.Tests.csproj", "{63F9ED2F-1533-484B-BF9E-73138777F366}"
EndProject
Global
	GlobalSection(SolutionConfigurationPlatforms) = preSolution
		Debug|Any CPU = Debug|Any CPU
		Release|Any CPU = Release|Any CPU
	EndGlobalSection
	GlobalSection(ProjectConfigurationPlatforms) = postSolution
		{09FF9BFE-449E-4F82-957C-B1A5F7C98917}.Debug|Any CPU.ActiveCfg = Debug|Any CPU
		{09FF9BFE-449E-4F82-957C-B1A5F7C98917}.Debug|Any CPU.Build.0 = Debug|Any CPU
		{09FF9BFE-449E-4F82-957C-B1A5F7C98917}.Release|Any CPU.ActiveCfg = Release|Any CPU
		{09FF9BFE-449E-4F82-957C-B1A5F7C98917}.Release|Any CPU.Build.0 = Release|Any CPU
		{63F9ED2F-1533-484B-BF9E-73138777F366}.Debug|Any CPU.ActiveCfg = Debug|Any CPU
		{63F9ED2F-1533-484B-BF9E-73138777F366}.Debug|Any CPU.Build.0 = Debug|Any CPU
		{63F9ED2F-1533-484B-BF9E-73138777F366}.Release|Any CPU.ActiveCfg = Release|Any CPU
		{63F9ED2F-1533-484B-BF9E-73138777F366}.Release|Any CPU.Build.0 = Release|Any CPU
	EndGlobalSection
	GlobalSection(SolutionProperties) = preSolution
		HideSolutionNode = FALSE
	EndGlobalSection
	GlobalSection(ExtensibilityGlobals) = postSolution
		SolutionGuid = {D2121E76-7306-4319-AC87-B77D7605BEDD}
	EndGlobalSection
EndGlobal
